# THIS IS AN AUTOGENERATED FILE. DO NOT EDIT THIS FILE DIRECTLY.
# yarn lockfile v1


"@types/prop-types@*":
  version "15.7.1"
  resolved "https://registry.npm.taobao.org/@types/prop-types/download/@types/prop-types-15.7.1.tgz#f1a11e7babb0c3cad68100be381d1e064c68f1f6"

"@types/react@^16.7.3":
  version "16.8.15"
  resolved "https://registry.npm.taobao.org/@types/react/download/@types/react-16.8.15.tgz#a76515fed5aa3e996603056f54427fec5f2a5122"
  dependencies:
    "@types/prop-types" "*"
    csstype "^2.2.0"

bind-decorator@^1.0.11:
  version "1.0.11"
  resolved "https://registry.npm.taobao.org/bind-decorator/download/bind-decorator-1.0.11.tgz#e41bc06a1f65dd9cec476c91c5daf3978488252f"

classnames@^2.2.6:
  version "2.2.6"
  resolved "https://registry.npm.taobao.org/classnames/download/classnames-2.2.6.tgz#43935bffdd291f326dad0a205309b38d00f650ce"

csstype@^2.2.0:
  version "2.6.4"
  resolved "https://registry.npm.taobao.org/csstype/download/csstype-2.6.4.tgz#d585a6062096e324e7187f80e04f92bd0f00e37f"

dayjs@^1.7.7:
  version "1.8.13"
  resolved "https://registry.npm.taobao.org/dayjs/download/dayjs-1.8.13.tgz#51b5cdad23ba508bcea939a853b492fefb7fdc47"

"js-tokens@^3.0.0 || ^4.0.0":
  version "4.0.0"
  resolved "https://registry.npm.taobao.org/js-tokens/download/js-tokens-4.0.0.tgz#19203fb59991df98e3a287050d4647cdeaf32499"

lodash@^4.17.10:
  version "4.17.11"
  resolved "https://registry.npm.taobao.org/lodash/download/lodash-4.17.11.tgz#b39ea6229ef607ecd89e2c8df12536891cac9b8d"

loose-envify@^1.4.0:
  version "1.4.0"
  resolved "https://registry.npm.taobao.org/loose-envify/download/loose-envify-1.4.0.tgz#71ee51fa7be4caec1a63839f7e682d8132d30caf"
  dependencies:
    js-tokens "^3.0.0 || ^4.0.0"

object-assign@^4.1.1:
  version "4.1.1"
  resolved "https://registry.npm.taobao.org/object-assign/download/object-assign-4.1.1.tgz#2109adc7965887cfc05cbbd442cac8bfbb360863"

prop-types@^15.6.2:
  version "15.7.2"
  resolved "https://registry.npm.taobao.org/prop-types/download/prop-types-15.7.2.tgz#52c41e75b8c87e72b9d9360e0206b99dcbffa6c5"
  dependencies:
    loose-envify "^1.4.0"
    object-assign "^4.1.1"
    react-is "^16.8.1"

react-is@^16.8.1:
  version "16.8.6"
  resolved "https://registry.npm.taobao.org/react-is/download/react-is-16.8.6.tgz#5bbc1e2d29141c9fbdfed456343fe2bc430a6a16"

taro-ui@^2.1.0:
  version "2.1.0"
  resolved "https://registry.npm.taobao.org/taro-ui/download/taro-ui-2.1.0.tgz#fb2774d6261db75311ac6ce7be243c412c65a322"
  dependencies:
    "@types/react" "^16.7.3"
    bind-decorator "^1.0.11"
    classnames "^2.2.6"
    dayjs "^1.7.7"
    lodash "^4.17.10"
    prop-types "^15.6.2"
